
Microsoft Visual Studio Solution File, Format Version 12.00
Project("{FAE04EC0-301F-11D3-BF4B-00C04F79EFBC}") = "Analyzer", "Analyzer\Analyzer.csproj", "{561D3894-C1DC-4025-8EE9-41261F80704B}"
EndProject
Project("{FAE04EC0-301F-11D3-BF4B-00C04F79EFBC}") = "Analyzer.Tests", "Analyzer.Tests\Analyzer.Tests.csproj", "{1BF03A9D-1D9E-480E-B341-292F71F4621D}"
EndProject
Project("{FAE04EC0-301F-11D3-BF4B-00C04F79EFBC}") = "CLI", "CLI\CLI.csproj", "{5FC39398-F783-4464-8E59-9CF65DBA8AB1}"
EndProject
Project("{FAE04EC0-301F-11D3-BF4B-00C04F79EFBC}") = "CLI.Tests", "CLI.Tests\CLI.Tests.csproj", "{610AB301-D501-4541-BA9F-880E7FE14899}"
EndProject
Global
	GlobalSection(SolutionConfigurationPlatforms) = preSolution
		Debug|Any CPU = Debug|Any CPU
		Release|Any CPU = Release|Any CPU
	EndGlobalSection
	GlobalSection(ProjectConfigurationPlatforms) = postSolution
		{561D3894-C1DC-4025-8EE9-41261F80704B}.Debug|Any CPU.ActiveCfg = Debug|Any CPU
		{561D3894-C1DC-4025-8EE9-41261F80704B}.Debug|Any CPU.Build.0 = Debug|Any CPU
		{561D3894-C1DC-4025-8EE9-41261F80704B}.Release|Any CPU.ActiveCfg = Release|Any CPU
		{561D3894-C1DC-4025-8EE9-41261F80704B}.Release|Any CPU.Build.0 = Release|Any CPU
		{1BF03A9D-1D9E-480E-B341-292F71F4621D}.Debug|Any CPU.ActiveCfg = Debug|Any CPU
		{1BF03A9D-1D9E-480E-B341-292F71F4621D}.Debug|Any CPU.Build.0 = Debug|Any CPU
		{1BF03A9D-1D9E-480E-B341-292F71F4621D}.Release|Any CPU.ActiveCfg = Release|Any CPU
		{1BF03A9D-1D9E-480E-B341-292F71F4621D}.Release|Any CPU.Build.0 = Release|Any CPU
		{5FC39398-F783-4464-8E59-9CF65DBA8AB1}.Debug|Any CPU.ActiveCfg = Debug|Any CPU
		{5FC39398-F783-4464-8E59-9CF65DBA8AB1}.Debug|Any CPU.Build.0 = Debug|Any CPU
		{5FC39398-F783-4464-8E59-9CF65DBA8AB1}.Release|Any CPU.ActiveCfg = Release|Any CPU
		{5FC39398-F783-4464-8E59-9CF65DBA8AB1}.Release|Any CPU.Build.0 = Release|Any CPU
		{610AB301-D501-4541-BA9F-880E7FE14899}.Debug|Any CPU.ActiveCfg = Debug|Any CPU
		{610AB301-D501-4541-BA9F-880E7FE14899}.Debug|Any CPU.Build.0 = Debug|Any CPU
		{610AB301-D501-4541-BA9F-880E7FE14899}.Release|Any CPU.ActiveCfg = Release|Any CPU
		{610AB301-D501-4541-BA9F-880E7FE14899}.Release|Any CPU.Build.0 = Release|Any CPU
	EndGlobalSection
EndGlobal
